<?xml version="1.0" encoding="utf-8"?>
<Project ToolsVersion="4.0" xmlns="http://schemas.microsoft.com/developer/msbuild/2003">
  <ItemGroup>
    <ClCompile Include="source\Source\Application\ApplicationMain.cpp" />
    <ClCompile Include="source\Source\Mode\ModeGame.cpp" />
    <ClCompile Include="source\Source\Object\Player\Player.cpp" />
    <ClCompile Include="source\Source\Object\Base\ObjectBase.cpp" />
    <ClCompile Include="source\Source\Manager\PlayerManeger.cpp" />
    <ClCompile Include="source\Source\Object\Stage\Stage.cpp" />
    <ClCompile Include="source\Source\Object\Stage\Ball.cpp" />
    <ClCompile Include="source\Source\Object\Stage\Goal.cpp" />
    <ClCompile Include="source\Source\Mode\ModeSelectPlayer.cpp" />
    <ClCompile Include="source\Source\Manager\RenderManager.cpp" />
    <ClCompile Include="source\Source\Manager\SuperManager.cpp" />
    <ClCompile Include="source\Source\Manager\ManagerBase.cpp" />
    <ClCompile Include="source\Source\Manager\ObjectManager.cpp" />
    <ClCompile Include="source\Source\Other\Camera\Camera.cpp" />
    <ClCompile Include="source\Source\Manager\CollisionManager.cpp" />
    <ClCompile Include="source\Source\Object\Stage\Wall.cpp" />
  </ItemGroup>
  <ItemGroup>
    <ClInclude Include="source\Header\Object\Player\Player.h" />
    <ClInclude Include="source\Header\Object\Base\ObjectBase.h" />
    <ClInclude Include="source\Header\Application\ApplicationMain.h" />
    <ClInclude Include="source\Header\Mode\ModeGame.h" />
    <ClInclude Include="source\Header\Manager\PlayerManeger.h" />
    <ClInclude Include="source\Header\Object\Stage\Stage.h" />
    <ClInclude Include="source\Header\Object\Stage\Ball.h" />
    <ClInclude Include="source\Header\Object\Stage\Goal.h" />
    <ClInclude Include="source\Header\Mode\ModeSelectPlayer.h" />
    <ClInclude Include="source\Header\Manager\RenderManager.h" />
    <ClInclude Include="source\Header\Manager\SuperManager.h" />
    <ClInclude Include="source\Header\Manager\ManagerBase.h" />
    <ClInclude Include="source\Header\Manager\ObjectManager.h" />
    <ClInclude Include="source\Header\Other\Camera\Camera.h" />
    <ClInclude Include="source\Header\Manager\CollisionManager.h" />
    <ClInclude Include="source\Header\Object\Stage\Wall.h" />
  </ItemGroup>
</Project>