<?xml version="1.0" encoding="utf-8"?>
<Project ToolsVersion="4.0" xmlns="http://schemas.microsoft.com/developer/msbuild/2003">
  <ItemGroup>
    <ClCompile Include="source\Source\Application\ApplicationMain.cpp" />
    <ClCompile Include="source\Source\Mode\ModeGame.cpp" />
    <ClCompile Include="source\Source\Object\Player\Player.cpp" />
    <ClCompile Include="source\Source\Object\Base\ObjectBase.cpp" />
    <ClCompile Include="source\Source\Object\Player\PlayerManeger.cpp" />
    <ClCompile Include="Stage.cpp" />
    <ClCompile Include="Ball.cpp" />
    <ClCompile Include="Goal.cpp" />
  </ItemGroup>
  <ItemGroup>
    <ClInclude Include="source\Header\Object\Player\Player.h" />
    <ClInclude Include="source\Header\Object\Base\ObjectBase.h" />
    <ClInclude Include="source\Header\Application\ApplicationMain.h" />
    <ClInclude Include="source\Header\Mode\ModeGame.h" />
    <ClInclude Include="source\Header\Object\Player\PlayerManeger.h" />
    <ClInclude Include="Stage.h" />
    <ClInclude Include="Ball.h" />
    <ClInclude Include="Goal.h" />
  </ItemGroup>
</Project>